
Microsoft Visual Studio Solution File, Format Version 12.00
# Visual Studio 15
VisualStudioVersion = 15.0.28307.168
MinimumVisualStudioVersion = 10.0.40219.1
Project("{FAE04EC0-301F-11D3-BF4B-00C04F79EFBC}") = "miniChess", "miniChess\miniChess.csproj", "{4FD150E9-9A74-4CC6-A886-C2327B5A001D}"
EndProject
Global
	GlobalSection(SolutionConfigurationPlatforms) = preSolution
		Debug|Any CPU = Debug|Any CPU
		Release|Any CPU = Release|Any CPU
	EndGlobalSection
	GlobalSection(ProjectConfigurationPlatforms) = postSolution
		{4FD150E9-9A74-4CC6-A886-C2327B5A001D}.Debug|Any CPU.ActiveCfg = Debug|Any CPU
		{4FD150E9-9A74-4CC6-A886-C2327B5A001D}.Debug|Any CPU.Build.0 = Debug|Any CPU
		{4FD150E9-9A74-4CC6-A886-C2327B5A001D}.Release|Any CPU.ActiveCfg = Release|Any CPU
		{4FD150E9-9A74-4CC6-A886-C2327B5A001D}.Release|Any CPU.Build.0 = Release|Any CPU
	EndGlobalSection
	GlobalSection(SolutionProperties) = preSolution
		HideSolutionNode = FALSE
	EndGlobalSection
	GlobalSection(ExtensibilityGlobals) = postSolution
		SolutionGuid = {200A1609-E77F-414D-A669-CFA9CD84D3D3}
	EndGlobalSection
EndGlobal
